
Microsoft Visual Studio Solution File, Format Version 12.00
# Visual Studio Version 17
VisualStudioVersion = 17.14.36429.23
MinimumVisualStudioVersion = 10.0.40219.1
Project("{FAE04EC0-301F-11D3-BF4B-00C04F79EFBC}") = "NodeCode", "NodeCode.csproj", "{E42B8513-BB3C-486E-AAD1-EFF90237378A}"
EndProject
Global
	GlobalSection(SolutionConfigurationPlatforms) = preSolution
		Debug|Any CPU = Debug|Any CPU
		Release|Any CPU = Release|Any CPU
	EndGlobalSection
	GlobalSection(ProjectConfigurationPlatforms) = postSolution
		{E42B8513-BB3C-486E-AAD1-EFF90237378A}.Debug|Any CPU.ActiveCfg = Debug|Any CPU
		{E42B8513-BB3C-486E-AAD1-EFF90237378A}.Debug|Any CPU.Build.0 = Debug|Any CPU
		{E42B8513-BB3C-486E-AAD1-EFF90237378A}.Release|Any CPU.ActiveCfg = Release|Any CPU
		{E42B8513-BB3C-486E-AAD1-EFF90237378A}.Release|Any CPU.Build.0 = Release|Any CPU
	EndGlobalSection
	GlobalSection(SolutionProperties) = preSolution
		HideSolutionNode = FALSE
	EndGlobalSection
	GlobalSection(ExtensibilityGlobals) = postSolution
		SolutionGuid = {EFD9D82B-22BC-4620-B2FD-AF560A5AEF23}
	EndGlobalSection
EndGlobal
